
Microsoft Visual Studio Solution File, Format Version 12.00
# Visual Studio 15
VisualStudioVersion = 15.0.28010.2048
MinimumVisualStudioVersion = 10.0.40219.1
Project("{8BC9CEB8-8B4A-11D0-8D11-00A0C91BC942}") = "arap", "arap\arap.vcxproj", "{282D4BB5-B392-46DB-B240-B2CDD3096D77}"
EndProject
Global
	GlobalSection(SolutionConfigurationPlatforms) = preSolution
		Debug|x64 = Debug|x64
		Release|x64 = Release|x64
	EndGlobalSection
	GlobalSection(ProjectConfigurationPlatforms) = postSolution
		{282D4BB5-B392-46DB-B240-B2CDD3096D77}.Debug|x64.ActiveCfg = Debug|x64
		{282D4BB5-B392-46DB-B240-B2CDD3096D77}.Debug|x64.Build.0 = Debug|x64
		{282D4BB5-B392-46DB-B240-B2CDD3096D77}.Release|x64.ActiveCfg = Release|x64
		{282D4BB5-B392-46DB-B240-B2CDD3096D77}.Release|x64.Build.0 = Release|x64
	EndGlobalSection
	GlobalSection(SolutionProperties) = preSolution
		HideSolutionNode = FALSE
	EndGlobalSection
	GlobalSection(ExtensibilityGlobals) = postSolution
		SolutionGuid = {B3E8B48B-4BF4-473D-BF10-6C281C651345}
	EndGlobalSection
EndGlobal
